// !$*UTF8*$!
{
	archiveVersion = 1;
	classes = {
	};
	objectVersion = 50;
	objects = {

/* Begin PBXBuildFile section */
		A5239EE126133EA3004ADDF6 /* myTestAppApp.swift in Sources */ = {isa = PBXBuildFile; fileRef = A5239EE026133EA3004ADDF6 /* myTestAppApp.swift */; };
		A5239EE326133EA3004ADDF6 /* ContentView.swift in Sources */ = {isa = PBXBuildFile; fileRef = A5239EE226133EA3004ADDF6 /* ContentView.swift */; };
		A5239EE526133EA6004ADDF6 /* Assets.xcassets in Resources */ = {isa = PBXBuildFile; fileRef = A5239EE426133EA6004ADDF6 /* Assets.xcassets */; };
		A5239EE826133EA6004ADDF6 /* Preview Assets.xcassets in Resources */ = {isa = PBXBuildFile; fileRef = A5239EE726133EA6004ADDF6 /* Preview Assets.xcassets */; };
		A5239EF326133EA6004ADDF6 /* myTestAppTests.swift in Sources */ = {isa = PBXBuildFile; fileRef = A5239EF226133EA6004ADDF6 /* myTestAppTests.swift */; };
		A5239EFE26133EA6004ADDF6 /* myTestAppUITests.swift in Sources */ = {isa = PBXBuildFile; fileRef = A5239EFD26133EA6004ADDF6 /* myTestAppUITests.swift */; };
/* End PBXBuildFile section */

/* Begin PBXContainerItemProxy section */
		A5239EEF26133EA6004ADDF6 /* PBXContainerItemProxy */ = {
			isa = PBXContainerItemProxy;
			containerPortal = A5239ED526133EA2004ADDF6 /* Project object */;
			proxyType = 1;
			remoteGlobalIDString = A5239EDC26133EA2004ADDF6;
			remoteInfo = myTestApp;
		};
		A5239EFA26133EA6004ADDF6 /* PBXContainerItemProxy */ = {
			isa = PBXContainerItemProxy;
			containerPortal = A5239ED526133EA2004ADDF6 /* Project object */;
			proxyType = 1;
			remoteGlobalIDString = A5239EDC26133EA2004ADDF6;
			remoteInfo = myTestApp;
		};
/* End PBXContainerItemProxy section */

/* Begin PBXFileReference section */
		A5239EDD26133EA3004ADDF6 /* myTestApp.app */ = {isa = PBXFileReference; explicitFileType = wrapper.application; includeInIndex = 0; path = myTestApp.app; sourceTree = BUILT_PRODUCTS_DIR; };
		A5239EE026133EA3004ADDF6 /* myTestAppApp.swift */ = {isa = PBXFileReference; lastKnownFileType = sourcecode.swift; path = myTestAppApp.swift; sourceTree = "<group>"; };
		A5239EE226133EA3004ADDF6 /* ContentView.swift */ = {isa = PBXFileReference; lastKnownFileType = sourcecode.swift; path = ContentView.swift; sourceTree = "<group>"; };
		A5239EE426133EA6004ADDF6 /* Assets.xcassets */ = {isa = PBXFileReference; lastKnownFileType = folder.assetcatalog; path = Assets.xcassets; sourceTree = "<group>"; };
		A5239EE726133EA6004ADDF6 /* Preview Assets.xcassets */ = {isa = PBXFileReference; lastKnownFileType = folder.assetcatalog; path = "Preview Assets.xcassets"; sourceTree = "<group>"; };
		A5239EE926133EA6004ADDF6 /* Info.plist */ = {isa = PBXFileReference; lastKnownFileType = text.plist.xml; path = Info.plist; sourceTree = "<group>"; };
		A5239EEE26133EA6004ADDF6 /* myTestAppTests.xctest */ = {isa = PBXFileReference; explicitFileType = wrapper.cfbundle; includeInIndex = 0; path = myTestAppTests.xctest; sourceTree = BUILT_PRODUCTS_DIR; };
		A5239EF226133EA6004ADDF6 /* myTestAppTests.swift */ = {isa = PBXFileReference; lastKnownFileType = sourcecode.swift; path = myTestAppTests.swift; sourceTree = "<group>"; };
		A5239EF426133EA6004ADDF6 /* Info.plist */ = {isa = PBXFileReference; lastKnownFileType = text.plist.xml; path = Info.plist; sourceTree = "<group>"; };
		A5239EF926133EA6004ADDF6 /* myTestAppUITests.xctest */ = {isa = PBXFileReference; explicitFileType = wrapper.cfbundle; includeInIndex = 0; path = myTestAppUITests.xctest; sourceTree = BUILT_PRODUCTS_DIR; };
		A5239EFD26133EA6004ADDF6 /* myTestAppUITests.swift */ = {isa = PBXFileReference; lastKnownFileType = sourcecode.swift; path = myTestAppUITests.swift; sourceTree = "<group>"; };
		A5239EFF26133EA6004ADDF6 /* Info.plist */ = {isa = PBXFileReference; lastKnownFileType = text.plist.xml; path = Info.plist; sourceTree = "<group>"; };
/* End PBXFileReference section */

/* Begin PBXFrameworksBuildPhase section */
		A5239EDA26133EA2004ADDF6 /* Frameworks */ = {
			isa = PBXFrameworksBuildPhase;
			buildActionMask = 2147483647;
			files = (
			);
			runOnlyForDeploymentPostprocessing = 0;
		};
		A5239EEB26133EA6004ADDF6 /* Frameworks */ = {
			isa = PBXFrameworksBuildPhase;
			buildActionMask = 2147483647;
			files = (
			);
			runOnlyForDeploymentPostprocessing = 0;
		};
		A5239EF626133EA6004ADDF6 /* Frameworks */ = {
			isa = PBXFrameworksBuildPhase;
			buildActionMask = 2147483647;
			files = (
			);
			runOnlyForDeploymentPostprocessing = 0;
		};
/* End PBXFrameworksBuildPhase section */

/* Begin PBXGroup section */
		A5239ED426133EA2004ADDF6 = {
			isa = PBXGroup;
			children = (
				A5239EDF26133EA3004ADDF6 /* myTestApp */,
				A5239EF126133EA6004ADDF6 /* myTestAppTests */,
				A5239EFC26133EA6004ADDF6 /* myTestAppUITests */,
				A5239EDE26133EA3004ADDF6 /* Products */,
			);
			sourceTree = "<group>";
		};
		A5239EDE26133EA3004ADDF6 /* Products */ = {
			isa = PBXGroup;
			children = (
				A5239EDD26133EA3004ADDF6 /* myTestApp.app */,
				A5239EEE26133EA6004ADDF6 /* myTestAppTests.xctest */,
				A5239EF926133EA6004ADDF6 /* myTestAppUITests.xctest */,
			);
			name = Products;
			sourceTree = "<group>";
		};
		A5239EDF26133EA3004ADDF6 /* myTestApp */ = {
			isa = PBXGroup;
			children = (
				A5239EE026133EA3004ADDF6 /* myTestAppApp.swift */,
				A5239EE226133EA3004ADDF6 /* ContentView.swift */,
				A5239EE426133EA6004ADDF6 /* Assets.xcassets */,
				A5239EE926133EA6004ADDF6 /* Info.plist */,
				A5239EE626133EA6004ADDF6 /* Preview Content */,
			);
			path = myTestApp;
			sourceTree = "<group>";
		};
		A5239EE626133EA6004ADDF6 /* Preview Content */ = {
			isa = PBXGroup;
			children = (
				A5239EE726133EA6004ADDF6 /* Preview Assets.xcassets */,
			);
			path = "Preview Content";
			sourceTree = "<group>";
		};
		A5239EF126133EA6004ADDF6 /* myTestAppTests */ = {
			isa = PBXGroup;
			children = (
				A5239EF226133EA6004ADDF6 /* myTestAppTests.swift */,
				A5239EF426133EA6004ADDF6 /* Info.plist */,
			);
			path = myTestAppTests;
			sourceTree = "<group>";
		};
		A5239EFC26133EA6004ADDF6 /* myTestAppUITests */ = {
			isa = PBXGroup;
			children = (
				A5239EFD26133EA6004ADDF6 /* myTestAppUITests.swift */,
				A5239EFF26133EA6004ADDF6 /* Info.plist */,
			);
			path = myTestAppUITests;
			sourceTree = "<group>";
		};
/* End PBXGroup section */

/* Begin PBXNativeTarget section */
		A5239EDC26133EA2004ADDF6 /* myTestApp */ = {
			isa = PBXNativeTarget;
			buildConfigurationList = A5239F0226133EA6004ADDF6 /* Build configuration list for PBXNativeTarget "myTestApp" */;
			buildPhases = (
				A5239ED926133EA2004ADDF6 /* Sources */,
				A5239EDA26133EA2004ADDF6 /* Frameworks */,
				A5239EDB26133EA2004ADDF6 /* Resources */,
			);
			buildRules = (
			);
			dependencies = (
			);
			name = myTestApp;
			productName = myTestApp;
			productReference = A5239EDD26133EA3004ADDF6 /* myTestApp.app */;
			productType = "com.apple.product-type.application";
		};
		A5239EED26133EA6004ADDF6 /* myTestAppTests */ = {
			isa = PBXNativeTarget;
			buildConfigurationList = A5239F0526133EA6004ADDF6 /* Build configuration list for PBXNativeTarget "myTestAppTests" */;
			buildPhases = (
				A5239EEA26133EA6004ADDF6 /* Sources */,
				A5239EEB26133EA6004ADDF6 /* Frameworks */,
				A5239EEC26133EA6004ADDF6 /* Resources */,
			);
			buildRules = (
			);
			dependencies = (
				A5239EF026133EA6004ADDF6 /* PBXTargetDependency */,
			);
			name = myTestAppTests;
			productName = myTestAppTests;
			productReference = A5239EEE26133EA6004ADDF6 /* myTestAppTests.xctest */;
			productType = "com.apple.product-type.bundle.unit-test";
		};
		A5239EF826133EA6004ADDF6 /* myTestAppUITests */ = {
			isa = PBXNativeTarget;
			buildConfigurationList = A5239F0826133EA6004ADDF6 /* Build configuration list for PBXNativeTarget "myTestAppUITests" */;
			buildPhases = (
				A5239EF526133EA6004ADDF6 /* Sources */,
				A5239EF626133EA6004ADDF6 /* Frameworks */,
				A5239EF726133EA6004ADDF6 /* Resources */,
			);
			buildRules = (
			);
			dependencies = (
				A5239EFB26133EA6004ADDF6 /* PBXTargetDependency */,
			);
			name = myTestAppUITests;
			productName = myTestAppUITests;
			productReference = A5239EF926133EA6004ADDF6 /* myTestAppUITests.xctest */;
			productType = "com.apple.product-type.bundle.ui-testing";
		};
/* End PBXNativeTarget section */

/* Begin PBXProject section */
		A5239ED526133EA2004ADDF6 /* Project object */ = {
			isa = PBXProject;
			attributes = {
				LastSwiftUpdateCheck = 1240;
				LastUpgradeCheck = 1240;
				TargetAttributes = {
					A5239EDC26133EA2004ADDF6 = {
						CreatedOnToolsVersion = 12.4;
					};
					A5239EED26133EA6004ADDF6 = {
						CreatedOnToolsVersion = 12.4;
						TestTargetID = A5239EDC26133EA2004ADDF6;
					};
					A5239EF826133EA6004ADDF6 = {
						CreatedOnToolsVersion = 12.4;
						TestTargetID = A5239EDC26133EA2004ADDF6;
					};
				};
			};
			buildConfigurationList = A5239ED826133EA2004ADDF6 /* Build configuration list for PBXProject "myTestApp" */;
			compatibilityVersion = "Xcode 9.3";
			developmentRegion = en;
			hasScannedForEncodings = 0;
			knownRegions = (
				en,
				Base,
			);
			mainGroup = A5239ED426133EA2004ADDF6;
			productRefGroup = A5239EDE26133EA3004ADDF6 /* Products */;
			projectDirPath = "";
			projectRoot = "";
			targets = (
				A5239EDC26133EA2004ADDF6 /* myTestApp */,
				A5239EED26133EA6004ADDF6 /* myTestAppTests */,
				A5239EF826133EA6004ADDF6 /* myTestAppUITests */,
			);
		};
/* End PBXProject section */

/* Begin PBXResourcesBuildPhase section */
		A5239EDB26133EA2004ADDF6 /* Resources */ = {
			isa = PBXResourcesBuildPhase;
			buildActionMask = 2147483647;
			files = (
				A5239EE826133EA6004ADDF6 /* Preview Assets.xcassets in Resources */,
				A5239EE526133EA6004ADDF6 /* Assets.xcassets in Resources */,
			);
			runOnlyForDeploymentPostprocessing = 0;
		};
		A5239EEC26133EA6004ADDF6 /* Resources */ = {
			isa = PBXResourcesBuildPhase;
			buildActionMask = 2147483647;
			files = (
			);
			runOnlyForDeploymentPostprocessing = 0;
		};
		A5239EF726133EA6004ADDF6 /* Resources */ = {
			isa = PBXResourcesBuildPhase;
			buildActionMask = 2147483647;
			files = (
			);
			runOnlyForDeploymentPostprocessing = 0;
		};
/* End PBXResourcesBuildPhase section */

/* Begin PBXSourcesBuildPhase section */
		A5239ED926133EA2004ADDF6 /* Sources */ = {
			isa = PBXSourcesBuildPhase;
			buildActionMask = 2147483647;
			files = (
				A5239EE326133EA3004ADDF6 /* ContentView.swift in Sources */,
				A5239EE126133EA3004ADDF6 /* myTestAppApp.swift in Sources */,
			);
			runOnlyForDeploymentPostprocessing = 0;
		};
		A5239EEA26133EA6004ADDF6 /* Sources */ = {
			isa = PBXSourcesBuildPhase;
			buildActionMask = 2147483647;
			files = (
				A5239EF326133EA6004ADDF6 /* myTestAppTests.swift in Sources */,
			);
			runOnlyForDeploymentPostprocessing = 0;
		};
		A5239EF526133EA6004ADDF6 /* Sources */ = {
			isa = PBXSourcesBuildPhase;
			buildActionMask = 2147483647;
			files = (
				A5239EFE26133EA6004ADDF6 /* myTestAppUITests.swift in Sources */,
			);
			runOnlyForDeploymentPostprocessing = 0;
		};
/* End PBXSourcesBuildPhase section */

/* Begin PBXTargetDependency section */
		A5239EF026133EA6004ADDF6 /* PBXTargetDependency */ = {
			isa = PBXTargetDependency;
			target = A5239EDC26133EA2004ADDF6 /* myTestApp */;
			targetProxy = A5239EEF26133EA6004ADDF6 /* PBXContainerItemProxy */;
		};
		A5239EFB26133EA6004ADDF6 /* PBXTargetDependency */ = {
			isa = PBXTargetDependency;
			target = A5239EDC26133EA2004ADDF6 /* myTestApp */;
			targetProxy = A5239EFA26133EA6004ADDF6 /* PBXContainerItemProxy */;
		};
/* End PBXTargetDependency section */

/* Begin XCBuildConfiguration section */
		A5239F0026133EA6004ADDF6 /* Debug */ = {
			isa = XCBuildConfiguration;
			buildSettings = {
				ALWAYS_SEARCH_USER_PATHS = NO;
				CLANG_ANALYZER_NONNULL = YES;
				CLANG_ANALYZER_NUMBER_OBJECT_CONVERSION = YES_AGGRESSIVE;
				CLANG_CXX_LANGUAGE_STANDARD = "gnu++14";
				CLANG_CXX_LIBRARY = "libc++";
				CLANG_ENABLE_MODULES = YES;
				CLANG_ENABLE_OBJC_ARC = YES;
				CLANG_ENABLE_OBJC_WEAK = YES;
				CLANG_WARN_BLOCK_CAPTURE_AUTORELEASING = YES;
				CLANG_WARN_BOOL_CONVERSION = YES;
				CLANG_WARN_COMMA = YES;
				CLANG_WARN_CONSTANT_CONVERSION = YES;
				CLANG_WARN_DEPRECATED_OBJC_IMPLEMENTATIONS = YES;
				CLANG_WARN_DIRECT_OBJC_ISA_USAGE = YES_ERROR;
				CLANG_WARN_DOCUMENTATION_COMMENTS = YES;
				CLANG_WARN_EMPTY_BODY = YES;
				CLANG_WARN_ENUM_CONVERSION = YES;
				CLANG_WARN_INFINITE_RECURSION = YES;
				CLANG_WARN_INT_CONVERSION = YES;
				CLANG_WARN_NON_LITERAL_NULL_CONVERSION = YES;
				CLANG_WARN_OBJC_IMPLICIT_RETAIN_SELF = YES;
				CLANG_WARN_OBJC_LITERAL_CONVERSION = YES;
				CLANG_WARN_OBJC_ROOT_CLASS = YES_ERROR;
				CLANG_WARN_QUOTED_INCLUDE_IN_FRAMEWORK_HEADER = YES;
				CLANG_WARN_RANGE_LOOP_ANALYSIS = YES;
				CLANG_WARN_STRICT_PROTOTYPES = YES;
				CLANG_WARN_SUSPICIOUS_MOVE = YES;
				CLANG_WARN_UNGUARDED_AVAILABILITY = YES_AGGRESSIVE;
				CLANG_WARN_UNREACHABLE_CODE = YES;
				CLANG_WARN__DUPLICATE_METHOD_MATCH = YES;
				COPY_PHASE_STRIP = NO;
				DEBUG_INFORMATION_FORMAT = dwarf;
				ENABLE_STRICT_OBJC_MSGSEND = YES;
				ENABLE_TESTABILITY = YES;
				GCC_C_LANGUAGE_STANDARD = gnu11;
				GCC_DYNAMIC_NO_PIC = NO;
				GCC_NO_COMMON_BLOCKS = YES;
				GCC_OPTIMIZATION_LEVEL = 0;
				GCC_PREPROCESSOR_DEFINITIONS = (
					"DEBUG=1",
					"$(inherited)",
				);
				GCC_WARN_64_TO_32_BIT_CONVERSION = YES;
				GCC_WARN_ABOUT_RETURN_TYPE = YES_ERROR;
				GCC_WARN_UNDECLARED_SELECTOR = YES;
				GCC_WARN_UNINITIALIZED_AUTOS = YES_AGGRESSIVE;
				GCC_WARN_UNUSED_FUNCTION = YES;
				GCC_WARN_UNUSED_VARIABLE = YES;
				IPHONEOS_DEPLOYMENT_TARGET = 14.4;
				MTL_ENABLE_DEBUG_INFO = INCLUDE_SOURCE;
				MTL_FAST_MATH = YES;
				ONLY_ACTIVE_ARCH = YES;
				SDKROOT = iphoneos;
				SWIFT_ACTIVE_COMPILATION_CONDITIONS = DEBUG;
				SWIFT_OPTIMIZATION_LEVEL = "-Onone";
			};
			name = Debug;
		};
		A5239F0126133EA6004ADDF6 /* Release */ = {
			isa = XCBuildConfiguration;
			buildSettings = {
				ALWAYS_SEARCH_USER_PATHS = NO;
				CLANG_ANALYZER_NONNULL = YES;
				CLANG_ANALYZER_NUMBER_OBJECT_CONVERSION = YES_AGGRESSIVE;
				CLANG_CXX_LANGUAGE_STANDARD = "gnu++14";
				CLANG_CXX_LIBRARY = "libc++";
				CLANG_ENABLE_MODULES = YES;
				CLANG_ENABLE_OBJC_ARC = YES;
				CLANG_ENABLE_OBJC_WEAK = YES;
				CLANG_WARN_BLOCK_CAPTURE_AUTORELEASING = YES;
				CLANG_WARN_BOOL_CONVERSION = YES;
				CLANG_WARN_COMMA = YES;
				CLANG_WARN_CONSTANT_CONVERSION = YES;
				CLANG_WARN_DEPRECATED_OBJC_IMPLEMENTATIONS = YES;
				CLANG_WARN_DIRECT_OBJC_ISA_USAGE = YES_ERROR;
				CLANG_WARN_DOCUMENTATION_COMMENTS = YES;
				CLANG_WARN_EMPTY_BODY = YES;
				CLANG_WARN_ENUM_CONVERSION = YES;
				CLANG_WARN_INFINITE_RECURSION = YES;
				CLANG_WARN_INT_CONVERSION = YES;
				CLANG_WARN_NON_LITERAL_NULL_CONVERSION = YES;
				CLANG_WARN_OBJC_IMPLICIT_RETAIN_SELF = YES;
				CLANG_WARN_OBJC_LITERAL_CONVERSION = YES;
				CLANG_WARN_OBJC_ROOT_CLASS = YES_ERROR;
				CLANG_WARN_QUOTED_INCLUDE_IN_FRAMEWORK_HEADER = YES;
				CLANG_WARN_RANGE_LOOP_ANALYSIS = YES;
				CLANG_WARN_STRICT_PROTOTYPES = YES;
				CLANG_WARN_SUSPICIOUS_MOVE = YES;
				CLANG_WARN_UNGUARDED_AVAILABILITY = YES_AGGRESSIVE;
				CLANG_WARN_UNREACHABLE_CODE = YES;
				CLANG_WARN__DUPLICATE_METHOD_MATCH = YES;
				COPY_PHASE_STRIP = NO;
				DEBUG_INFORMATION_FORMAT = "dwarf-with-dsym";
				ENABLE_NS_ASSERTIONS = NO;
				ENABLE_STRICT_OBJC_MSGSEND = YES;
				GCC_C_LANGUAGE_STANDARD = gnu11;
				GCC_NO_COMMON_BLOCKS = YES;
				GCC_WARN_64_TO_32_BIT_CONVERSION = YES;
				GCC_WARN_ABOUT_RETURN_TYPE = YES_ERROR;
				GCC_WARN_UNDECLARED_SELECTOR = YES;
				GCC_WARN_UNINITIALIZED_AUTOS = YES_AGGRESSIVE;
				GCC_WARN_UNUSED_FUNCTION = YES;
				GCC_WARN_UNUSED_VARIABLE = YES;
				IPHONEOS_DEPLOYMENT_TARGET = 14.4;
				MTL_ENABLE_DEBUG_INFO = NO;
				MTL_FAST_MATH = YES;
				SDKROOT = iphoneos;
				SWIFT_COMPILATION_MODE = wholemodule;
				SWIFT_OPTIMIZATION_LEVEL = "-O";
				VALIDATE_PRODUCT = YES;
			};
			name = Release;
		};
		A5239F0326133EA6004ADDF6 /* Debug */ = {
			isa = XCBuildConfiguration;
			buildSettings = {
				ASSETCATALOG_COMPILER_APPICON_NAME = AppIcon;
				ASSETCATALOG_COMPILER_GLOBAL_ACCENT_COLOR_NAME = AccentColor;
				CODE_SIGN_STYLE = Automatic;
				DEVELOPMENT_ASSET_PATHS = "\"myTestApp/Preview Content\"";
				ENABLE_PREVIEWS = YES;
				INFOPLIST_FILE = myTestApp/Info.plist;
				IPHONEOS_DEPLOYMENT_TARGET = 14.0;
				LD_RUNPATH_SEARCH_PATHS = (
					"$(inherited)",
					"@executable_path/Frameworks",
				);
				PRODUCT_BUNDLE_IDENTIFIER = lewiswatson.myTestApp;
				PRODUCT_NAME = "$(TARGET_NAME)";
				SWIFT_VERSION = 5.0;
				TARGETED_DEVICE_FAMILY = "1,2";
			};
			name = Debug;
		};
		A5239F0426133EA6004ADDF6 /* Release */ = {
			isa = XCBuildConfiguration;
			buildSettings = {
				ASSETCATALOG_COMPILER_APPICON_NAME = AppIcon;
				ASSETCATALOG_COMPILER_GLOBAL_ACCENT_COLOR_NAME = AccentColor;
				CODE_SIGN_STYLE = Automatic;
				DEVELOPMENT_ASSET_PATHS = "\"myTestApp/Preview Content\"";
				ENABLE_PREVIEWS = YES;
				INFOPLIST_FILE = myTestApp/Info.plist;
				IPHONEOS_DEPLOYMENT_TARGET = 14.0;
				LD_RUNPATH_SEARCH_PATHS = (
					"$(inherited)",
					"@executable_path/Frameworks",
				);
				PRODUCT_BUNDLE_IDENTIFIER = lewiswatson.myTestApp;
				PRODUCT_NAME = "$(TARGET_NAME)";
				SWIFT_VERSION = 5.0;
				TARGETED_DEVICE_FAMILY = "1,2";
			};
			name = Release;
		};
		A5239F0626133EA6004ADDF6 /* Debug */ = {
			isa = XCBuildConfiguration;
			buildSettings = {
				ALWAYS_EMBED_SWIFT_STANDARD_LIBRARIES = YES;
				BUNDLE_LOADER = "$(TEST_HOST)";
				CODE_SIGN_STYLE = Automatic;
				INFOPLIST_FILE = myTestAppTests/Info.plist;
				IPHONEOS_DEPLOYMENT_TARGET = 14.0;
				LD_RUNPATH_SEARCH_PATHS = (
					"$(inherited)",
					"@executable_path/Frameworks",
					"@loader_path/Frameworks",
				);
				PRODUCT_BUNDLE_IDENTIFIER = lewiswatson.myTestAppTests;
				PRODUCT_NAME = "$(TARGET_NAME)";
				SWIFT_VERSION = 5.0;
				TARGETED_DEVICE_FAMILY = "1,2";
				TEST_HOST = "$(BUILT_PRODUCTS_DIR)/myTestApp.app/myTestApp";
			};
			name = Debug;
		};
		A5239F0726133EA6004ADDF6 /* Release */ = {
			isa = XCBuildConfiguration;
			buildSettings = {
				ALWAYS_EMBED_SWIFT_STANDARD_LIBRARIES = YES;
				BUNDLE_LOADER = "$(TEST_HOST)";
				CODE_SIGN_STYLE = Automatic;
				INFOPLIST_FILE = myTestAppTests/Info.plist;
				IPHONEOS_DEPLOYMENT_TARGET = 14.0;
				LD_RUNPATH_SEARCH_PATHS = (
					"$(inherited)",
					"@executable_path/Frameworks",
					"@loader_path/Frameworks",
				);
				PRODUCT_BUNDLE_IDENTIFIER = lewiswatson.myTestAppTests;
				PRODUCT_NAME = "$(TARGET_NAME)";
				SWIFT_VERSION = 5.0;
				TARGETED_DEVICE_FAMILY = "1,2";
				TEST_HOST = "$(BUILT_PRODUCTS_DIR)/myTestApp.app/myTestApp";
			};
			name = Release;
		};
		A5239F0926133EA6004ADDF6 /* Debug */ = {
			isa = XCBuildConfiguration;
			buildSettings = {
				ALWAYS_EMBED_SWIFT_STANDARD_LIBRARIES = YES;
				CODE_SIGN_STYLE = Automatic;
				INFOPLIST_FILE = myTestAppUITests/Info.plist;
				LD_RUNPATH_SEARCH_PATHS = (
					"$(inherited)",
					"@executable_path/Frameworks",
					"@loader_path/Frameworks",
				);
				PRODUCT_BUNDLE_IDENTIFIER = lewiswatson.myTestAppUITests;
				PRODUCT_NAME = "$(TARGET_NAME)";
				SWIFT_VERSION = 5.0;
				TARGETED_DEVICE_FAMILY = "1,2";
				TEST_TARGET_NAME = myTestApp;
			};
			name = Debug;
		};
		A5239F0A26133EA6004ADDF6 /* Release */ = {
			isa = XCBuildConfiguration;
			buildSettings = {
				ALWAYS_EMBED_SWIFT_STANDARD_LIBRARIES = YES;
				CODE_SIGN_STYLE = Automatic;
				INFOPLIST_FILE = myTestAppUITests/Info.plist;
				LD_RUNPATH_SEARCH_PATHS = (
					"$(inherited)",
					"@executable_path/Frameworks",
					"@loader_path/Frameworks",
				);
				PRODUCT_BUNDLE_IDENTIFIER = lewiswatson.myTestAppUITests;
				PRODUCT_NAME = "$(TARGET_NAME)";
				SWIFT_VERSION = 5.0;
				TARGETED_DEVICE_FAMILY = "1,2";
				TEST_TARGET_NAME = myTestApp;
			};
			name = Release;
		};
/* End XCBuildConfiguration section */

/* Begin XCConfigurationList section */
		A5239ED826133EA2004ADDF6 /* Build configuration list for PBXProject "myTestApp" */ = {
			isa = XCConfigurationList;
			buildConfigurations = (
				A5239F0026133EA6004ADDF6 /* Debug */,
				A5239F0126133EA6004ADDF6 /* Release */,
			);
			defaultConfigurationIsVisible = 0;
			defaultConfigurationName = Release;
		};
		A5239F0226133EA6004ADDF6 /* Build configuration list for PBXNativeTarget "myTestApp" */ = {
			isa = XCConfigurationList;
			buildConfigurations = (
				A5239F0326133EA6004ADDF6 /* Debug */,
				A5239F0426133EA6004ADDF6 /* Release */,
			);
			defaultConfigurationIsVisible = 0;
			defaultConfigurationName = Release;
		};
		A5239F0526133EA6004ADDF6 /* Build configuration list for PBXNativeTarget "myTestAppTests" */ = {
			isa = XCConfigurationList;
			buildConfigurations = (
				A5239F0626133EA6004ADDF6 /* Debug */,
				A5239F0726133EA6004ADDF6 /* Release */,
			);
			defaultConfigurationIsVisible = 0;
			defaultConfigurationName = Release;
		};
		A5239F0826133EA6004ADDF6 /* Build configuration list for PBXNativeTarget "myTestAppUITests" */ = {
			isa = XCConfigurationList;
			buildConfigurations = (
				A5239F0926133EA6004ADDF6 /* Debug */,
				A5239F0A26133EA6004ADDF6 /* Release */,
			);
			defaultConfigurationIsVisible = 0;
			defaultConfigurationName = Release;
		};
/* End XCConfigurationList section */
	};
	rootObject = A5239ED526133EA2004ADDF6 /* Project object */;
}
